
Microsoft Visual Studio Solution File, Format Version 12.00
# Visual Studio Version 16
VisualStudioVersion = 16.0.31702.278
MinimumVisualStudioVersion = 10.0.40219.1
Project("{FAE04EC0-301F-11D3-BF4B-00C04F79EFBC}") = "Practice2", "Practice2\Practice2.csproj", "{0A965FCB-5579-4290-BC9B-F3BB54B271D1}"
EndProject
Project("{FAE04EC0-301F-11D3-BF4B-00C04F79EFBC}") = "Exx2", "Exx2\Exx2.csproj", "{86FE7DCB-90DC-4B56-AAE9-EE17349E6952}"
EndProject
Global
	GlobalSection(SolutionConfigurationPlatforms) = preSolution
		Debug|Any CPU = Debug|Any CPU
		Release|Any CPU = Release|Any CPU
	EndGlobalSection
	GlobalSection(ProjectConfigurationPlatforms) = postSolution
		{0A965FCB-5579-4290-BC9B-F3BB54B271D1}.Debug|Any CPU.ActiveCfg = Debug|Any CPU
		{0A965FCB-5579-4290-BC9B-F3BB54B271D1}.Debug|Any CPU.Build.0 = Debug|Any CPU
		{0A965FCB-5579-4290-BC9B-F3BB54B271D1}.Release|Any CPU.ActiveCfg = Release|Any CPU
		{0A965FCB-5579-4290-BC9B-F3BB54B271D1}.Release|Any CPU.Build.0 = Release|Any CPU
		{86FE7DCB-90DC-4B56-AAE9-EE17349E6952}.Debug|Any CPU.ActiveCfg = Debug|Any CPU
		{86FE7DCB-90DC-4B56-AAE9-EE17349E6952}.Debug|Any CPU.Build.0 = Debug|Any CPU
		{86FE7DCB-90DC-4B56-AAE9-EE17349E6952}.Release|Any CPU.ActiveCfg = Release|Any CPU
		{86FE7DCB-90DC-4B56-AAE9-EE17349E6952}.Release|Any CPU.Build.0 = Release|Any CPU
	EndGlobalSection
	GlobalSection(SolutionProperties) = preSolution
		HideSolutionNode = FALSE
	EndGlobalSection
	GlobalSection(ExtensibilityGlobals) = postSolution
		SolutionGuid = {3BE44D77-6FF7-4895-A5D6-88086CBF2B53}
	EndGlobalSection
EndGlobal
